
Microsoft Visual Studio Solution File, Format Version 12.00
# Visual Studio Version 17
VisualStudioVersion = 17.14.35806.103 d17.14
MinimumVisualStudioVersion = 10.0.40219.1
Project("{FAE04EC0-301F-11D3-BF4B-00C04F79EFBC}") = "Portfolyo", "Portfolyo.csproj", "{7122B103-E892-4912-98C8-9AC0C81BDF8B}"
EndProject
Global
	GlobalSection(SolutionConfigurationPlatforms) = preSolution
		Debug|Any CPU = Debug|Any CPU
		Release|Any CPU = Release|Any CPU
	EndGlobalSection
	GlobalSection(ProjectConfigurationPlatforms) = postSolution
		{7122B103-E892-4912-98C8-9AC0C81BDF8B}.Debug|Any CPU.ActiveCfg = Debug|Any CPU
		{7122B103-E892-4912-98C8-9AC0C81BDF8B}.Debug|Any CPU.Build.0 = Debug|Any CPU
		{7122B103-E892-4912-98C8-9AC0C81BDF8B}.Release|Any CPU.ActiveCfg = Release|Any CPU
		{7122B103-E892-4912-98C8-9AC0C81BDF8B}.Release|Any CPU.Build.0 = Release|Any CPU
	EndGlobalSection
	GlobalSection(SolutionProperties) = preSolution
		HideSolutionNode = FALSE
	EndGlobalSection
	GlobalSection(ExtensibilityGlobals) = postSolution
		SolutionGuid = {7FF6C67E-3379-403A-BE6F-2613B04D375B}
	EndGlobalSection
EndGlobal
